
Microsoft Visual Studio Solution File, Format Version 12.00
# Visual Studio Version 17
VisualStudioVersion = 17.7.34018.315
MinimumVisualStudioVersion = 10.0.40219.1
Project("{9A19103F-16F7-4668-BE54-9A1E7A4F7556}") = "WebApplicationAPI", "WebApplicationAPI\WebApplicationAPI.csproj", "{F525856D-564C-4F13-8D17-4F102DF5ACB8}"
EndProject
Project("{FAE04EC0-301F-11D3-BF4B-00C04F79EFBC}") = "Business_Logic_Layer", "Business_Logic_Layer\Business_Logic_Layer.csproj", "{E5B282F1-61FE-44A7-AD8C-A7CE83E38356}"
EndProject
Project("{FAE04EC0-301F-11D3-BF4B-00C04F79EFBC}") = "Data_Access_Layer", "Data_Access_Layer\Data_Access_Layer.csproj", "{309872AB-85B5-4A1B-8DD0-480F40DF4792}"
EndProject
Global
	GlobalSection(SolutionConfigurationPlatforms) = preSolution
		Debug|Any CPU = Debug|Any CPU
		Release|Any CPU = Release|Any CPU
	EndGlobalSection
	GlobalSection(ProjectConfigurationPlatforms) = postSolution
		{F525856D-564C-4F13-8D17-4F102DF5ACB8}.Debug|Any CPU.ActiveCfg = Debug|Any CPU
		{F525856D-564C-4F13-8D17-4F102DF5ACB8}.Debug|Any CPU.Build.0 = Debug|Any CPU
		{F525856D-564C-4F13-8D17-4F102DF5ACB8}.Release|Any CPU.ActiveCfg = Release|Any CPU
		{F525856D-564C-4F13-8D17-4F102DF5ACB8}.Release|Any CPU.Build.0 = Release|Any CPU
		{E5B282F1-61FE-44A7-AD8C-A7CE83E38356}.Debug|Any CPU.ActiveCfg = Debug|Any CPU
		{E5B282F1-61FE-44A7-AD8C-A7CE83E38356}.Debug|Any CPU.Build.0 = Debug|Any CPU
		{E5B282F1-61FE-44A7-AD8C-A7CE83E38356}.Release|Any CPU.ActiveCfg = Release|Any CPU
		{E5B282F1-61FE-44A7-AD8C-A7CE83E38356}.Release|Any CPU.Build.0 = Release|Any CPU
		{309872AB-85B5-4A1B-8DD0-480F40DF4792}.Debug|Any CPU.ActiveCfg = Debug|Any CPU
		{309872AB-85B5-4A1B-8DD0-480F40DF4792}.Debug|Any CPU.Build.0 = Debug|Any CPU
		{309872AB-85B5-4A1B-8DD0-480F40DF4792}.Release|Any CPU.ActiveCfg = Release|Any CPU
		{309872AB-85B5-4A1B-8DD0-480F40DF4792}.Release|Any CPU.Build.0 = Release|Any CPU
	EndGlobalSection
	GlobalSection(SolutionProperties) = preSolution
		HideSolutionNode = FALSE
	EndGlobalSection
	GlobalSection(ExtensibilityGlobals) = postSolution
		SolutionGuid = {48E75A7A-43C2-4800-8C39-6DD7296AFD5B}
	EndGlobalSection
EndGlobal
